<?xml version="1.0" encoding="utf-8"?>
<Project ToolsVersion="4.0" xmlns="http://schemas.microsoft.com/developer/msbuild/2003">
  <ItemGroup>
    <Filter Include="src">
      <UniqueIdentifier>{f0f2d0cf-ba3a-423c-a33c-b149337e1ff7}</UniqueIdentifier>
      <Extensions>cpp;c;cc;cxx;def;odl;idl;hpj;bat;asm;asmx</Extensions>
    </Filter>
    <Filter Include="rc">
      <UniqueIdentifier>{85d38eb4-f668-43bb-b370-f6775daf4a27}</UniqueIdentifier>
      <Extensions>rc;ico</Extensions>
    </Filter>
    <Filter Include="src\kung">
      <UniqueIdentifier>{1687e05b-24eb-4ce8-ba84-2523962cef19}</UniqueIdentifier>
    </Filter>
    <Filter Include="src\imgui">
      <UniqueIdentifier>{22465f4d-1c38-46d7-b037-41efdcda0ed7}</UniqueIdentifier>
    </Filter>
    <Filter Include="src\imgui_docks">
      <UniqueIdentifier>{ae8a0e41-867f-459e-92ea-af28524142ca}</UniqueIdentifier>
    </Filter>
    <Filter Include="src\magicfile">
      <UniqueIdentifier>{302db4d3-8137-49ed-949f-4ec0b137060a}</UniqueIdentifier>
    </Filter>
    <Filter Include="src\imgui_docks_radiant">
      <UniqueIdentifier>{bfb24183-c1d4-4b84-855d-010206984f77}</UniqueIdentifier>
    </Filter>
    <Filter Include="src\imgui_radiant">
      <UniqueIdentifier>{13404e24-a758-4434-8bbd-ec52ae9f1997}</UniqueIdentifier>
    </Filter>
    <Filter Include="src\entity">
      <UniqueIdentifier>{f59c20d2-5dea-47f9-ae20-9552b30936c5}</UniqueIdentifier>
    </Filter>
    <Filter Include="src\vfspk3">
      <UniqueIdentifier>{65d6acac-e96b-4d80-b56e-8b746f7e7018}</UniqueIdentifier>
    </Filter>
    <Filter Include="src\shaders">
      <UniqueIdentifier>{3b4d7e97-d22d-431f-a2d4-f27526f1419e}</UniqueIdentifier>
    </Filter>
    <Filter Include="src\surface">
      <UniqueIdentifier>{73330402-0c14-4c79-b870-87f729b6924c}</UniqueIdentifier>
    </Filter>
    <Filter Include="src\image">
      <UniqueIdentifier>{44036f0f-8b18-494f-b2a4-8cc11c9caf9f}</UniqueIdentifier>
    </Filter>
    <Filter Include="src\map">
      <UniqueIdentifier>{e194c094-44d1-4a1d-a9c6-6285b7c057b7}</UniqueIdentifier>
    </Filter>
  </ItemGroup>
  <ItemGroup>
    <ClCompile Include="bp_dlg.cpp">
      <Filter>src</Filter>
    </ClCompile>
    <ClCompile Include="brush.cpp">
      <Filter>src</Filter>
    </ClCompile>
    <ClCompile Include="brush_primit.cpp">
      <Filter>src</Filter>
    </ClCompile>
    <ClCompile Include="brushscript.cpp">
      <Filter>src</Filter>
    </ClCompile>
    <ClCompile Include="camwindow.cpp">
      <Filter>src</Filter>
    </ClCompile>
    <ClCompile Include="csg.cpp">
      <Filter>src</Filter>
    </ClCompile>
    <ClCompile Include="dialog.cpp">
      <Filter>src</Filter>
    </ClCompile>
    <ClCompile Include="dialoginfo.cpp">
      <Filter>src</Filter>
    </ClCompile>
    <ClCompile Include="drag.cpp">
      <Filter>src</Filter>
    </ClCompile>
    <ClCompile Include="eclass.cpp">
      <Filter>src</Filter>
    </ClCompile>
    <ClCompile Include="eclass_def.cpp">
      <Filter>src</Filter>
    </ClCompile>
    <ClCompile Include="error.cpp">
      <Filter>src</Filter>
    </ClCompile>
    <ClCompile Include="feedback.cpp">
      <Filter>src</Filter>
    </ClCompile>
    <ClCompile Include="file.cpp">
      <Filter>src</Filter>
    </ClCompile>
    <ClCompile Include="filters.cpp">
      <Filter>src</Filter>
    </ClCompile>
    <ClCompile Include="findtexturedialog.cpp">
      <Filter>src</Filter>
    </ClCompile>
    <ClCompile Include="glinterface.cpp">
      <Filter>src</Filter>
    </ClCompile>
    <ClCompile Include="glwidget.cpp">
      <Filter>src</Filter>
    </ClCompile>
    <ClCompile Include="glwindow.cpp">
      <Filter>src</Filter>
    </ClCompile>
    <ClCompile Include="groupdialog.cpp">
      <Filter>src</Filter>
    </ClCompile>
    <ClCompile Include="gtkdlgs.cpp">
      <Filter>src</Filter>
    </ClCompile>
    <ClCompile Include="gtkmisc.cpp">
      <Filter>src</Filter>
    </ClCompile>
    <ClCompile Include="main.cpp">
      <Filter>src</Filter>
    </ClCompile>
    <ClCompile Include="mainframe.cpp">
      <Filter>src</Filter>
    </ClCompile>
    <ClCompile Include="map.cpp">
      <Filter>src</Filter>
    </ClCompile>
    <ClCompile Include="missing.cpp">
      <Filter>src</Filter>
    </ClCompile>
    <ClCompile Include="patchdialog.cpp">
      <Filter>src</Filter>
    </ClCompile>
    <ClCompile Include="pluginentities.cpp">
      <Filter>src</Filter>
    </ClCompile>
    <ClCompile Include="pluginmanager.cpp">
      <Filter>src</Filter>
    </ClCompile>
    <ClCompile Include="pmesh.cpp">
      <Filter>src</Filter>
    </ClCompile>
    <ClCompile Include="points.cpp">
      <Filter>src</Filter>
    </ClCompile>
    <ClCompile Include="preferences.cpp">
      <Filter>src</Filter>
    </ClCompile>
    <ClCompile Include="profile.cpp">
      <Filter>src</Filter>
    </ClCompile>
    <ClCompile Include="qe3.cpp">
      <Filter>src</Filter>
    </ClCompile>
    <ClCompile Include="qgl.c">
      <Filter>src</Filter>
    </ClCompile>
    <ClCompile Include="qgl_ext.cpp">
      <Filter>src</Filter>
    </ClCompile>
    <ClCompile Include="select.cpp">
      <Filter>src</Filter>
    </ClCompile>
    <ClCompile Include="selectedface.cpp">
      <Filter>src</Filter>
    </ClCompile>
    <ClCompile Include="stdafx.cpp">
      <Filter>src</Filter>
    </ClCompile>
    <ClCompile Include="surfacedialog.cpp">
      <Filter>src</Filter>
    </ClCompile>
    <ClCompile Include="surfaceplugin.cpp">
      <Filter>src</Filter>
    </ClCompile>
    <ClCompile Include="targetname.cpp">
      <Filter>src</Filter>
    </ClCompile>
    <ClCompile Include="texmanip.cpp">
      <Filter>src</Filter>
    </ClCompile>
    <ClCompile Include="texwindow.cpp">
      <Filter>src</Filter>
    </ClCompile>
    <ClCompile Include="ui.cpp">
      <Filter>src</Filter>
    </ClCompile>
    <ClCompile Include="undo.cpp">
      <Filter>src</Filter>
    </ClCompile>
    <ClCompile Include="vertsel.cpp">
      <Filter>src</Filter>
    </ClCompile>
    <ClCompile Include="watchbsp.cpp">
      <Filter>src</Filter>
    </ClCompile>
    <ClCompile Include="winding.cpp">
      <Filter>src</Filter>
    </ClCompile>
    <ClCompile Include="xywindow.cpp">
      <Filter>src</Filter>
    </ClCompile>
    <ClCompile Include="z.cpp">
      <Filter>src</Filter>
    </ClCompile>
    <ClCompile Include="zwindow.cpp">
      <Filter>src</Filter>
    </ClCompile>
    <ClCompile Include="window_imgui.cpp">
      <Filter>src</Filter>
    </ClCompile>
    <ClCompile Include="kung\easygtkwidget.cpp">
      <Filter>src\kung</Filter>
    </ClCompile>
    <ClCompile Include="kung\jsconsole.cpp">
      <Filter>src\kung</Filter>
    </ClCompile>
    <ClCompile Include="imgui\ffi.cpp">
      <Filter>src\imgui</Filter>
    </ClCompile>
    <ClCompile Include="imgui\imgui.cpp">
      <Filter>src\imgui</Filter>
    </ClCompile>
    <ClCompile Include="imgui\imgui_api.cpp">
      <Filter>src\imgui</Filter>
    </ClCompile>
    <ClCompile Include="imgui\imgui_c_utils.cpp">
      <Filter>src\imgui</Filter>
    </ClCompile>
    <ClCompile Include="imgui\imgui_default_docks.cpp">
      <Filter>src\imgui</Filter>
    </ClCompile>
    <ClCompile Include="imgui\imgui_demo.cpp">
      <Filter>src\imgui</Filter>
    </ClCompile>
    <ClCompile Include="imgui\imgui_dock.cpp">
      <Filter>src\imgui</Filter>
    </ClCompile>
    <ClCompile Include="imgui\imgui_draw.cpp">
      <Filter>src\imgui</Filter>
    </ClCompile>
    <ClCompile Include="imgui\imgui_fixedarea.cpp">
      <Filter>src\imgui</Filter>
    </ClCompile>
    <ClCompile Include="imgui\imgui_impl_idtech3_gles.cpp">
      <Filter>src\imgui</Filter>
    </ClCompile>
    <ClCompile Include="imgui\imgui_utils.cpp">
      <Filter>src\imgui</Filter>
    </ClCompile>
    <ClCompile Include="imgui_docks\dock.cpp">
      <Filter>src\imgui_docks</Filter>
    </ClCompile>
    <ClCompile Include="imgui_docks\dock_console.cpp">
      <Filter>src\imgui_docks</Filter>
    </ClCompile>
    <ClCompile Include="imgui_docks\dock_julia.cpp">
      <Filter>src\imgui_docks</Filter>
    </ClCompile>
    <ClCompile Include="imgui_docks\dock_node.cpp">
      <Filter>src\imgui_docks</Filter>
    </ClCompile>
    <ClCompile Include="imgui_docks\dock_repl.cpp">
      <Filter>src\imgui_docks</Filter>
    </ClCompile>
    <ClCompile Include="imgui_docks\dock_skeleton.cpp">
      <Filter>src\imgui_docks</Filter>
    </ClCompile>
    <ClCompile Include="MagicFile\magicfile.cpp">
      <Filter>src\magicfile</Filter>
    </ClCompile>
    <ClCompile Include="imgui\imgui_impl_legacy.cpp">
      <Filter>src\imgui</Filter>
    </ClCompile>
    <ClCompile Include="imgui_docks_radiant\dock_all.cpp">
      <Filter>src\imgui_docks_radiant</Filter>
    </ClCompile>
    <ClCompile Include="imgui_docks_radiant\dock_textures.cpp">
      <Filter>src\imgui_docks_radiant</Filter>
    </ClCompile>
    <ClCompile Include="imgui_radiant\gluecode.cpp">
      <Filter>src\imgui_radiant</Filter>
    </ClCompile>
    <ClCompile Include="imgui_radiant\imgui_radiant_default_docks.cpp">
      <Filter>src\imgui_radiant</Filter>
    </ClCompile>
    <ClCompile Include="imgui_docks_radiant\dock_xy.cpp">
      <Filter>src\imgui_docks_radiant</Filter>
    </ClCompile>
    <ClCompile Include="imgui_docks_radiant\dock_z.cpp">
      <Filter>src\imgui_docks_radiant</Filter>
    </ClCompile>
    <ClCompile Include="imgui_docks_radiant\dock_cam.cpp">
      <Filter>src\imgui_docks_radiant</Filter>
    </ClCompile>
    <ClCompile Include="..\plugins\entity\eclassmodel.cpp">
      <Filter>src\entity</Filter>
    </ClCompile>
    <ClCompile Include="..\plugins\entity\entity.cpp">
      <Filter>src\entity</Filter>
    </ClCompile>
    <ClCompile Include="..\plugins\entity\entity_entitymodel.cpp">
      <Filter>src\entity</Filter>
    </ClCompile>
    <ClCompile Include="..\plugins\entity\light.cpp">
      <Filter>src\entity</Filter>
    </ClCompile>
    <ClCompile Include="..\plugins\entity\miscmodel.cpp">
      <Filter>src\entity</Filter>
    </ClCompile>
    <ClCompile Include="..\plugins\entity\plugin.cpp">
      <Filter>src\entity</Filter>
    </ClCompile>
    <ClCompile Include="..\plugins\vfspk3\unzip.cpp">
      <Filter>src\vfspk3</Filter>
    </ClCompile>
    <ClCompile Include="..\plugins\vfspk3\vfs.cpp">
      <Filter>src\vfspk3</Filter>
    </ClCompile>
    <ClCompile Include="..\plugins\vfspk3\vfspk3.cpp">
      <Filter>src\vfspk3</Filter>
    </ClCompile>
    <ClCompile Include="..\plugins\shaders\shaders.cpp">
      <Filter>src\shaders</Filter>
    </ClCompile>
    <ClCompile Include="..\plugins\surface\surfacedialog_idtech3.cpp">
      <Filter>src\surface</Filter>
    </ClCompile>
    <ClCompile Include="..\plugins\image\bmp.cpp">
      <Filter>src\image</Filter>
    </ClCompile>
    <ClCompile Include="..\plugins\image\image.cpp">
      <Filter>src\image</Filter>
    </ClCompile>
    <ClCompile Include="..\plugins\image\jpeg.cpp">
      <Filter>src\image</Filter>
    </ClCompile>
    <ClCompile Include="..\plugins\image\lbmlib.cpp">
      <Filter>src\image</Filter>
    </ClCompile>
    <ClCompile Include="..\plugins\map\write.cpp">
      <Filter>src\map</Filter>
    </ClCompile>
    <ClCompile Include="parse_asd.cpp">
      <Filter>src</Filter>
    </ClCompile>
    <ClCompile Include="..\plugins\map\parse_map.cpp">
      <Filter>src\map</Filter>
    </ClCompile>
    <ClCompile Include="..\plugins\map\plugin_map.cpp">
      <Filter>src\map</Filter>
    </ClCompile>
  </ItemGroup>
  <ItemGroup>
    <Image Include="radiant.ico">
      <Filter>rc</Filter>
    </Image>
  </ItemGroup>
  <ItemGroup>
    <ResourceCompile Include="radiant.rc">
      <Filter>rc</Filter>
    </ResourceCompile>
  </ItemGroup>
  <ItemGroup>
    <ClInclude Include="zwindow.h">
      <Filter>src</Filter>
    </ClInclude>
    <ClInclude Include="surfacedialog.h">
      <Filter>src</Filter>
    </ClInclude>
    <ClInclude Include="surfaceplugin.h">
      <Filter>src</Filter>
    </ClInclude>
    <ClInclude Include="texmanip.h">
      <Filter>src</Filter>
    </ClInclude>
    <ClInclude Include="textures.h">
      <Filter>src</Filter>
    </ClInclude>
    <ClInclude Include="texwindow.h">
      <Filter>src</Filter>
    </ClInclude>
    <ClInclude Include="ui.h">
      <Filter>src</Filter>
    </ClInclude>
    <ClInclude Include="undo.h">
      <Filter>src</Filter>
    </ClInclude>
    <ClInclude Include="watchbsp.h">
      <Filter>src</Filter>
    </ClInclude>
    <ClInclude Include="winding.h">
      <Filter>src</Filter>
    </ClInclude>
    <ClInclude Include="xmlstuff.h">
      <Filter>src</Filter>
    </ClInclude>
    <ClInclude Include="xywindow.h">
      <Filter>src</Filter>
    </ClInclude>
    <ClInclude Include="z.h">
      <Filter>src</Filter>
    </ClInclude>
    <ClInclude Include="qfiles.h">
      <Filter>src</Filter>
    </ClInclude>
    <ClInclude Include="qgl.h">
      <Filter>src</Filter>
    </ClInclude>
    <ClInclude Include="select.h">
      <Filter>src</Filter>
    </ClInclude>
    <ClInclude Include="stdafx.h">
      <Filter>src</Filter>
    </ClInclude>
    <ClInclude Include="brush.h">
      <Filter>src</Filter>
    </ClInclude>
    <ClInclude Include="camera.h">
      <Filter>src</Filter>
    </ClInclude>
    <ClInclude Include="camwindow.h">
      <Filter>src</Filter>
    </ClInclude>
    <ClInclude Include="dialog.h">
      <Filter>src</Filter>
    </ClInclude>
    <ClInclude Include="eclass_def.h">
      <Filter>src</Filter>
    </ClInclude>
    <ClInclude Include="feedback.h">
      <Filter>src</Filter>
    </ClInclude>
    <ClInclude Include="file.h">
      <Filter>src</Filter>
    </ClInclude>
    <ClInclude Include="filters.h">
      <Filter>src</Filter>
    </ClInclude>
    <ClInclude Include="findtexturedialog.h">
      <Filter>src</Filter>
    </ClInclude>
    <ClInclude Include="glwidget.h">
      <Filter>src</Filter>
    </ClInclude>
    <ClInclude Include="glwindow.h">
      <Filter>src</Filter>
    </ClInclude>
    <ClInclude Include="groupdialog.h">
      <Filter>src</Filter>
    </ClInclude>
    <ClInclude Include="gtkmisc.h">
      <Filter>src</Filter>
    </ClInclude>
    <ClInclude Include="mainframe.h">
      <Filter>src</Filter>
    </ClInclude>
    <ClInclude Include="map.h">
      <Filter>src</Filter>
    </ClInclude>
    <ClInclude Include="parse.h">
      <Filter>src</Filter>
    </ClInclude>
    <ClInclude Include="patchdialog.h">
      <Filter>src</Filter>
    </ClInclude>
    <ClInclude Include="plugin.h">
      <Filter>src</Filter>
    </ClInclude>
    <ClInclude Include="pluginmanager.h">
      <Filter>src</Filter>
    </ClInclude>
    <ClInclude Include="points.h">
      <Filter>src</Filter>
    </ClInclude>
    <ClInclude Include="preferences.h">
      <Filter>src</Filter>
    </ClInclude>
    <ClInclude Include="qe3.h">
      <Filter>src</Filter>
    </ClInclude>
    <ClInclude Include="qedefs.h">
      <Filter>src</Filter>
    </ClInclude>
    <ClInclude Include="window_imgui.h">
      <Filter>src</Filter>
    </ClInclude>
    <ClInclude Include="kung\jsconsole.h">
      <Filter>src\kung</Filter>
    </ClInclude>
    <ClInclude Include="kung\easygtkwidget.h">
      <Filter>src\kung</Filter>
    </ClInclude>
    <ClInclude Include="imgui\imconfig.h">
      <Filter>src\imgui</Filter>
    </ClInclude>
    <ClInclude Include="imgui\imgui.h">
      <Filter>src\imgui</Filter>
    </ClInclude>
    <ClInclude Include="imgui\imgui_api.h">
      <Filter>src\imgui</Filter>
    </ClInclude>
    <ClInclude Include="imgui\imgui_c_utils.h">
      <Filter>src\imgui</Filter>
    </ClInclude>
    <ClInclude Include="imgui\imgui_default_docks.h">
      <Filter>src\imgui</Filter>
    </ClInclude>
    <ClInclude Include="imgui\imgui_dock.h">
      <Filter>src\imgui</Filter>
    </ClInclude>
    <ClInclude Include="imgui\imgui_fixedarea.h">
      <Filter>src\imgui</Filter>
    </ClInclude>
    <ClInclude Include="imgui\imgui_impl_idtech3_gles.h">
      <Filter>src\imgui</Filter>
    </ClInclude>
    <ClInclude Include="imgui\imgui_internal.h">
      <Filter>src\imgui</Filter>
    </ClInclude>
    <ClInclude Include="imgui\imgui_utils.h">
      <Filter>src\imgui</Filter>
    </ClInclude>
    <ClInclude Include="imgui\include_imgui.h">
      <Filter>src\imgui</Filter>
    </ClInclude>
    <ClInclude Include="imgui\include_quakegl.h">
      <Filter>src\imgui</Filter>
    </ClInclude>
    <ClInclude Include="imgui\stb_rect_pack.h">
      <Filter>src\imgui</Filter>
    </ClInclude>
    <ClInclude Include="imgui\stb_textedit.h">
      <Filter>src\imgui</Filter>
    </ClInclude>
    <ClInclude Include="imgui\stb_truetype.h">
      <Filter>src\imgui</Filter>
    </ClInclude>
    <ClInclude Include="imgui_docks\dock.h">
      <Filter>src\imgui_docks</Filter>
    </ClInclude>
    <ClInclude Include="imgui_docks\dock_console.h">
      <Filter>src\imgui_docks</Filter>
    </ClInclude>
    <ClInclude Include="imgui_docks\dock_julia.h">
      <Filter>src\imgui_docks</Filter>
    </ClInclude>
    <ClInclude Include="imgui_docks\dock_node.h">
      <Filter>src\imgui_docks</Filter>
    </ClInclude>
    <ClInclude Include="imgui_docks\dock_repl.h">
      <Filter>src\imgui_docks</Filter>
    </ClInclude>
    <ClInclude Include="imgui_docks\dock_skeleton.h">
      <Filter>src\imgui_docks</Filter>
    </ClInclude>
    <ClInclude Include="MagicFile\magicfile.h">
      <Filter>src\magicfile</Filter>
    </ClInclude>
    <ClInclude Include="imgui_docks_radiant\dock_all.h">
      <Filter>src\imgui_docks_radiant</Filter>
    </ClInclude>
    <ClInclude Include="imgui_docks_radiant\dock_textures.h">
      <Filter>src\imgui_docks_radiant</Filter>
    </ClInclude>
    <ClInclude Include="imgui_radiant\gluecode.h">
      <Filter>src\imgui_radiant</Filter>
    </ClInclude>
    <ClInclude Include="imgui_radiant\imgui_radiant_default_docks.h">
      <Filter>src\imgui_radiant</Filter>
    </ClInclude>
    <ClInclude Include="imgui_docks_radiant\dock_xy.h">
      <Filter>src\imgui_docks_radiant</Filter>
    </ClInclude>
    <ClInclude Include="imgui_docks_radiant\dock_z.h">
      <Filter>src\imgui_docks_radiant</Filter>
    </ClInclude>
    <ClInclude Include="imgui_docks_radiant\dock_cam.h">
      <Filter>src\imgui_docks_radiant</Filter>
    </ClInclude>
    <ClInclude Include="..\plugins\entity\entity.h">
      <Filter>src\entity</Filter>
    </ClInclude>
    <ClInclude Include="..\plugins\entity\entity_entitymodel.h">
      <Filter>src\entity</Filter>
    </ClInclude>
    <ClInclude Include="..\plugins\entity\light.h">
      <Filter>src\entity</Filter>
    </ClInclude>
    <ClInclude Include="..\plugins\entity\plugin.h">
      <Filter>src\entity</Filter>
    </ClInclude>
    <ClInclude Include="..\plugins\vfspk3\unzip-vfspk3.h">
      <Filter>src\vfspk3</Filter>
    </ClInclude>
    <ClInclude Include="..\plugins\vfspk3\vfs.h">
      <Filter>src\vfspk3</Filter>
    </ClInclude>
    <ClInclude Include="..\plugins\vfspk3\vfspk3.h">
      <Filter>src\vfspk3</Filter>
    </ClInclude>
    <ClInclude Include="..\plugins\shaders\shaders.h">
      <Filter>src\shaders</Filter>
    </ClInclude>
    <ClInclude Include="..\plugins\surface\surfacedialog_idtech3.h">
      <Filter>src\surface</Filter>
    </ClInclude>
    <ClInclude Include="..\plugins\image\bmp.h">
      <Filter>src\image</Filter>
    </ClInclude>
    <ClInclude Include="..\plugins\image\image.h">
      <Filter>src\image</Filter>
    </ClInclude>
    <ClInclude Include="..\plugins\image\lbmlib.h">
      <Filter>src\image</Filter>
    </ClInclude>
    <ClInclude Include="..\plugins\map\plugin_map.h">
      <Filter>src\map</Filter>
    </ClInclude>
  </ItemGroup>
</Project>